{
  "name": "oneforall_oa",
  "version": "0.1.0",
  "lockfileVersion": 1,
  "requires": true,
  "dependencies": {
    "eslint-plugin-promise": {
      "version": "4.2.1",
      "resolved": "https://registry.npmjs.org/eslint-plugin-promise/-/eslint-plugin-promise-4.2.1.tgz",
      "integrity": "sha512-VoM09vT7bfA7D+upt+FjeBO5eHIJQBUWki1aPvB+vbNiHS3+oGIJGIeyBtKQTME6UPXXy3vV07OL1tHd3ANuDw==",
      "dev": true
    },
    "vuedraggable": {
      "version": "2.24.3",
      "resolved": "https://registry.npmjs.org/vuedraggable/-/vuedraggable-2.24.3.tgz",
      "integrity": "sha512-6/HDXi92GzB+Hcs9fC6PAAozK1RLt1ewPTLjK0anTYguXLAeySDmcnqE8IC0xa7shvSzRjQXq3/+dsZ7ETGF3g==",
      "requires": {
        "sortablejs": "1.10.2"
      },
      "dependencies": {
        "sortablejs": {
          "version": "1.10.2",
          "resolved": "https://registry.npmjs.org/sortablejs/-/sortablejs-1.10.2.tgz",
          "integrity": "sha512-YkPGufevysvfwn5rfdlGyrGjt7/CRHwvRPogD/lC+TnvcN29jDpCifKP+rBqf+LRldfXSTh+0CGLcSg0VIxq3A=="
        }
      }
    }
  }
}
